
Microsoft Visual Studio Solution File, Format Version 12.00
# Visual Studio Version 16
VisualStudioVersion = 16.0.31515.178
MinimumVisualStudioVersion = 10.0.40219.1
Project("{FAE04EC0-301F-11D3-BF4B-00C04F79EFBC}") = "Praktikum Week 13", "Praktikum Week 13\Praktikum Week 13.csproj", "{B6B848E4-AE1B-4B74-A9D2-D58D0BE13F00}"
EndProject
Global
	GlobalSection(SolutionConfigurationPlatforms) = preSolution
		Debug|Any CPU = Debug|Any CPU
		Release|Any CPU = Release|Any CPU
	EndGlobalSection
	GlobalSection(ProjectConfigurationPlatforms) = postSolution
		{B6B848E4-AE1B-4B74-A9D2-D58D0BE13F00}.Debug|Any CPU.ActiveCfg = Debug|Any CPU
		{B6B848E4-AE1B-4B74-A9D2-D58D0BE13F00}.Debug|Any CPU.Build.0 = Debug|Any CPU
		{B6B848E4-AE1B-4B74-A9D2-D58D0BE13F00}.Release|Any CPU.ActiveCfg = Release|Any CPU
		{B6B848E4-AE1B-4B74-A9D2-D58D0BE13F00}.Release|Any CPU.Build.0 = Release|Any CPU
	EndGlobalSection
	GlobalSection(SolutionProperties) = preSolution
		HideSolutionNode = FALSE
	EndGlobalSection
	GlobalSection(ExtensibilityGlobals) = postSolution
		SolutionGuid = {65418C14-1256-464E-AFD2-2EE812832ADF}
	EndGlobalSection
EndGlobal
